
Microsoft Visual Studio Solution File, Format Version 12.00
# Visual Studio Version 16
VisualStudioVersion = 16.0.31424.327
MinimumVisualStudioVersion = 10.0.40219.1
Project("{2150E333-8FDC-42A3-9474-1A3956D46DE8}") = "Core", "Core", "{C46CC3B4-2F53-451D-86A9-856F9C1D7D87}"
EndProject
Project("{FAE04EC0-301F-11D3-BF4B-00C04F79EFBC}") = "CourseStore.Core.Domain", "CourseStore.Core.Domain\CourseStore.Core.Domain.csproj", "{FB27CC58-0A7C-491A-B098-7D42506807AF}"
EndProject
Global
	GlobalSection(SolutionConfigurationPlatforms) = preSolution
		Debug|Any CPU = Debug|Any CPU
		Release|Any CPU = Release|Any CPU
	EndGlobalSection
	GlobalSection(ProjectConfigurationPlatforms) = postSolution
		{FB27CC58-0A7C-491A-B098-7D42506807AF}.Debug|Any CPU.ActiveCfg = Debug|Any CPU
		{FB27CC58-0A7C-491A-B098-7D42506807AF}.Debug|Any CPU.Build.0 = Debug|Any CPU
		{FB27CC58-0A7C-491A-B098-7D42506807AF}.Release|Any CPU.ActiveCfg = Release|Any CPU
		{FB27CC58-0A7C-491A-B098-7D42506807AF}.Release|Any CPU.Build.0 = Release|Any CPU
	EndGlobalSection
	GlobalSection(SolutionProperties) = preSolution
		HideSolutionNode = FALSE
	EndGlobalSection
	GlobalSection(NestedProjects) = preSolution
		{FB27CC58-0A7C-491A-B098-7D42506807AF} = {C46CC3B4-2F53-451D-86A9-856F9C1D7D87}
	EndGlobalSection
	GlobalSection(ExtensibilityGlobals) = postSolution
		SolutionGuid = {C755F364-B045-45D4-A091-834C9A70D2DB}
	EndGlobalSection
EndGlobal
